{
  "name": "GearGenie",
  "lockfileVersion": 3,
  "requires": true,
  "packages": {
    "": {
      "dependencies": {
        "@expo/vector-icons": "^15.0.3"
      }
    },
    "node_modules/@expo/vector-icons": {
      "version": "15.0.3",
      "resolved": "https://registry.npmjs.org/@expo/vector-icons/-/vector-icons-15.0.3.tgz",
      "integrity": "sha512-SBUyYKphmlfUBqxSfDdJ3jAdEVSALS2VUPOUyqn48oZmb2TL/O7t7/PQm5v4NQujYEPLPMTLn9KVw6H7twwbTA==",
      "license": "MIT",
      "peerDependencies": {
        "expo-font": ">=14.0.4",
        "react": "*",
        "react-native": "*"
      }
    }
  }
}
